
Microsoft Visual Studio Solution File, Format Version 12.00
# Visual Studio 2013
VisualStudioVersion = 12.0.21005.1
MinimumVisualStudioVersion = 10.0.40219.1
Project("{8BC9CEB8-8B4A-11D0-8D11-00A0C91BC942}") = "libalg", "libalg\libalg.vcxproj", "{31BF77AF-D713-459C-9005-874E1B8314FE}"
EndProject
Project("{8BC9CEB8-8B4A-11D0-8D11-00A0C91BC942}") = "libemo", "libemo\libemo.vcxproj", "{5C016E62-5A25-4AFD-B8F3-A2A4ADC3424E}"
EndProject
Project("{8BC9CEB8-8B4A-11D0-8D11-00A0C91BC942}") = "cexe", "cexe\cexe.vcxproj", "{B40E7FCF-77B7-4D84-9CBB-4BC9198179CF}"
EndProject
Global
	GlobalSection(SolutionConfigurationPlatforms) = preSolution
		Debug|Win32 = Debug|Win32
		Release|Win32 = Release|Win32
	EndGlobalSection
	GlobalSection(ProjectConfigurationPlatforms) = postSolution
		{31BF77AF-D713-459C-9005-874E1B8314FE}.Debug|Win32.ActiveCfg = Debug|Win32
		{31BF77AF-D713-459C-9005-874E1B8314FE}.Debug|Win32.Build.0 = Debug|Win32
		{31BF77AF-D713-459C-9005-874E1B8314FE}.Release|Win32.ActiveCfg = Release|Win32
		{31BF77AF-D713-459C-9005-874E1B8314FE}.Release|Win32.Build.0 = Release|Win32
		{5C016E62-5A25-4AFD-B8F3-A2A4ADC3424E}.Debug|Win32.ActiveCfg = Debug|Win32
		{5C016E62-5A25-4AFD-B8F3-A2A4ADC3424E}.Debug|Win32.Build.0 = Debug|Win32
		{5C016E62-5A25-4AFD-B8F3-A2A4ADC3424E}.Release|Win32.ActiveCfg = Release|Win32
		{5C016E62-5A25-4AFD-B8F3-A2A4ADC3424E}.Release|Win32.Build.0 = Release|Win32
		{B40E7FCF-77B7-4D84-9CBB-4BC9198179CF}.Debug|Win32.ActiveCfg = Debug|Win32
		{B40E7FCF-77B7-4D84-9CBB-4BC9198179CF}.Debug|Win32.Build.0 = Debug|Win32
		{B40E7FCF-77B7-4D84-9CBB-4BC9198179CF}.Release|Win32.ActiveCfg = Release|Win32
		{B40E7FCF-77B7-4D84-9CBB-4BC9198179CF}.Release|Win32.Build.0 = Release|Win32
	EndGlobalSection
	GlobalSection(SolutionProperties) = preSolution
		HideSolutionNode = FALSE
	EndGlobalSection
EndGlobal
